
Microsoft Visual Studio Solution File, Format Version 12.00
# Visual Studio Version 17
VisualStudioVersion = 17.10.35122.118
MinimumVisualStudioVersion = 10.0.40219.1
Project("{FAE04EC0-301F-11D3-BF4B-00C04F79EFBC}") = "Unipro Store", "Unipro Store.csproj", "{E9EC3372-1701-420E-A395-5ADE58A4CB20}"
EndProject
Global
	GlobalSection(SolutionConfigurationPlatforms) = preSolution
		Debug|Any CPU = Debug|Any CPU
		Release|Any CPU = Release|Any CPU
	EndGlobalSection
	GlobalSection(ProjectConfigurationPlatforms) = postSolution
		{E9EC3372-1701-420E-A395-5ADE58A4CB20}.Debug|Any CPU.ActiveCfg = Debug|Any CPU
		{E9EC3372-1701-420E-A395-5ADE58A4CB20}.Debug|Any CPU.Build.0 = Debug|Any CPU
		{E9EC3372-1701-420E-A395-5ADE58A4CB20}.Release|Any CPU.ActiveCfg = Release|Any CPU
		{E9EC3372-1701-420E-A395-5ADE58A4CB20}.Release|Any CPU.Build.0 = Release|Any CPU
	EndGlobalSection
	GlobalSection(SolutionProperties) = preSolution
		HideSolutionNode = FALSE
	EndGlobalSection
	GlobalSection(ExtensibilityGlobals) = postSolution
		SolutionGuid = {8D299BCC-BBC3-4048-8947-3DBA1EBFD517}
	EndGlobalSection
EndGlobal
